Microsoft Visual Studio Solution File, Format Version 12.00
# Visual Studio Version 17
VisualStudioVersion = 17.13.35825.156
MinimumVisualStudioVersion = 10.0.40219.1
Project("{FAE04EC0-301F-11D3-BF4B-00C04F79EFBC}") = "ImportBarometer", "ImportBarometer\ImportBarometer.csproj", "{E5B521EB-9BF3-47AC-9087-C3F18E3DA12C}"
EndProject
Project("{FAE04EC0-301F-11D3-BF4B-00C04F79EFBC}") = "ChannelsExample", "ChannelsExample\ChannelsExample.csproj", "{DCAB33BC-9899-49EF-B943-54B8F5A3F5A9}"
EndProject
Global
	GlobalSection(SolutionConfigurationPlatforms) = preSolution
		Debug|Any CPU = Debug|Any CPU
		Release|Any CPU = Release|Any CPU
	EndGlobalSection
	GlobalSection(ProjectConfigurationPlatforms) = postSolution
		{E5B521EB-9BF3-47AC-9087-C3F18E3DA12C}.Debug|Any CPU.ActiveCfg = Debug|Any CPU
		{E5B521EB-9BF3-47AC-9087-C3F18E3DA12C}.Debug|Any CPU.Build.0 = Debug|Any CPU
		{E5B521EB-9BF3-47AC-9087-C3F18E3DA12C}.Release|Any CPU.ActiveCfg = Release|Any CPU
		{E5B521EB-9BF3-47AC-9087-C3F18E3DA12C}.Release|Any CPU.Build.0 = Release|Any CPU
		{DCAB33BC-9899-49EF-B943-54B8F5A3F5A9}.Debug|Any CPU.ActiveCfg = Debug|Any CPU
		{DCAB33BC-9899-49EF-B943-54B8F5A3F5A9}.Debug|Any CPU.Build.0 = Debug|Any CPU
		{DCAB33BC-9899-49EF-B943-54B8F5A3F5A9}.Release|Any CPU.ActiveCfg = Release|Any CPU
		{DCAB33BC-9899-49EF-B943-54B8F5A3F5A9}.Release|Any CPU.Build.0 = Release|Any CPU
	EndGlobalSection
	GlobalSection(SolutionProperties) = preSolution
		HideSolutionNode = FALSE
	EndGlobalSection
	GlobalSection(ExtensibilityGlobals) = postSolution
		SolutionGuid = {144ED5DE-DDC4-4650-A509-C8898125B8FE}
	EndGlobalSection
EndGlobal
